
Microsoft Visual Studio Solution File, Format Version 12.00
# Visual Studio Version 17
VisualStudioVersion = 17.0.31903.59
MinimumVisualStudioVersion = 10.0.40219.1
Project("{2150E333-8FDC-42A3-9474-1A3956D46DE8}") = "Services", "Services", "{E41368F7-C360-4753-9938-1F5481C17DDF}"
EndProject
Project("{2150E333-8FDC-42A3-9474-1A3956D46DE8}") = "ApiGateways", "ApiGateways", "{CE12DA5C-DB71-4D53-A25F-8089E23B10A5}"
EndProject
Project("{2150E333-8FDC-42A3-9474-1A3956D46DE8}") = "Base", "Base", "{3202E01E-64F8-4B5E-BC3C-F6B35AC07E58}"
EndProject
Project("{2150E333-8FDC-42A3-9474-1A3956D46DE8}") = "Web.bff", "Web.bff", "{518FEBE6-3085-43E3-8911-13CA21B1C37C}"
EndProject
Project("{2150E333-8FDC-42A3-9474-1A3956D46DE8}") = "Aggregator", "Aggregator", "{DF34BB4A-62F1-4599-AB1E-B77861CA362A}"
EndProject
Global
	GlobalSection(SolutionProperties) = preSolution
		HideSolutionNode = FALSE
	EndGlobalSection
	GlobalSection(NestedProjects) = preSolution
		{3202E01E-64F8-4B5E-BC3C-F6B35AC07E58} = {CE12DA5C-DB71-4D53-A25F-8089E23B10A5}
		{518FEBE6-3085-43E3-8911-13CA21B1C37C} = {CE12DA5C-DB71-4D53-A25F-8089E23B10A5}
		{DF34BB4A-62F1-4599-AB1E-B77861CA362A} = {518FEBE6-3085-43E3-8911-13CA21B1C37C}
	EndGlobalSection
	GlobalSection(ExtensibilityGlobals) = postSolution
		SolutionGuid = {1E617E0D-CFA5-4FC3-82F4-C5D2E08EBFEC}
	EndGlobalSection
EndGlobal
