
Microsoft Visual Studio Solution File, Format Version 12.00
# Visual Studio Version 17
VisualStudioVersion = 17.0.31903.59
MinimumVisualStudioVersion = 10.0.40219.1
Project("{2150E333-8FDC-42A3-9474-1A3956D46DE8}") = "Services", "Services", "{E41368F7-C360-4753-9938-1F5481C17DDF}"
EndProject
Project("{2150E333-8FDC-42A3-9474-1A3956D46DE8}") = "ApiGateways", "ApiGateways", "{CE12DA5C-DB71-4D53-A25F-8089E23B10A5}"
EndProject
Project("{2150E333-8FDC-42A3-9474-1A3956D46DE8}") = "Base", "Base", "{3202E01E-64F8-4B5E-BC3C-F6B35AC07E58}"
EndProject
Project("{2150E333-8FDC-42A3-9474-1A3956D46DE8}") = "Web.bff", "Web.bff", "{518FEBE6-3085-43E3-8911-13CA21B1C37C}"
EndProject
Project("{2150E333-8FDC-42A3-9474-1A3956D46DE8}") = "Aggregator", "Aggregator", "{DF34BB4A-62F1-4599-AB1E-B77861CA362A}"
EndProject
Project("{2150E333-8FDC-42A3-9474-1A3956D46DE8}") = "Course", "Course", "{64974A6F-3106-4299-A93F-3F8690BD5878}"
EndProject
Project("{9A19103F-16F7-4668-BE54-9A1E7A4F7556}") = "Library.Course.API", "Services\Course\Library.Course.API\Library.Course.API.csproj", "{0D07776B-96EB-41AC-8FF0-EBBF3D8871FB}"
EndProject
Project("{9A19103F-16F7-4668-BE54-9A1E7A4F7556}") = "Library.Course.Application", "Services\Course\Library.Course.Application\Library.Course.Application.csproj", "{483DAC8F-317F-4DD3-8CFB-26B6A5E413A9}"
EndProject
Project("{9A19103F-16F7-4668-BE54-9A1E7A4F7556}") = "Library.Course.Domain", "Services\Course\Library.Course.Domain\Library.Course.Domain.csproj", "{A711FE14-446F-40AD-BFF2-015480C72A9A}"
EndProject
Project("{2150E333-8FDC-42A3-9474-1A3956D46DE8}") = "Infrastructure", "Infrastructure", "{9CE1D83B-2A0E-4F2C-8A8A-5D1442BFF461}"
EndProject
Project("{9A19103F-16F7-4668-BE54-9A1E7A4F7556}") = "Library.Course.Infrastructure.Data", "Services\Course\Infrastructure\Library.Course.Infrastructure.Data\Library.Course.Infrastructure.Data.csproj", "{C3B35215-CA29-4F2C-A576-4AC99A33F338}"
EndProject
Project("{2150E333-8FDC-42A3-9474-1A3956D46DE8}") = "Student", "Student", "{101116F8-5064-4474-A172-FE2E0D563B3F}"
EndProject
Project("{2150E333-8FDC-42A3-9474-1A3956D46DE8}") = "Infrastructure", "Infrastructure", "{2119A987-578B-4E2D-AB68-BC16CF1CB1F5}"
EndProject
Project("{9A19103F-16F7-4668-BE54-9A1E7A4F7556}") = "Library.Student.API", "Services\Student\Library.Student.API\Library.Student.API.csproj", "{FC038FBA-EBAD-496E-9C12-6F8C11069CE9}"
EndProject
Project("{9A19103F-16F7-4668-BE54-9A1E7A4F7556}") = "Library.Student.Infrastructure.Data", "Services\Student\Infrastructure\Library.Student.Infrastructure.Data\Library.Student.Infrastructure.Data.csproj", "{E773E4D9-2CE8-4436-99EE-EE75744E8E1C}"
EndProject
Project("{9A19103F-16F7-4668-BE54-9A1E7A4F7556}") = "Library.Student.Domain", "Services\Student\Library.Student.Domain\Library.Student.Domain.csproj", "{FFA66860-85D4-4382-870D-7821241F2085}"
EndProject
Project("{2150E333-8FDC-42A3-9474-1A3956D46DE8}") = "Book", "Book", "{D949667C-A01E-4E9E-B9DF-016476B6C4C7}"
EndProject
Project("{2150E333-8FDC-42A3-9474-1A3956D46DE8}") = "Infrastructure", "Infrastructure", "{9816FB66-012F-42CE-8B68-1D2BB06B7E36}"
EndProject
Project("{9A19103F-16F7-4668-BE54-9A1E7A4F7556}") = "Library.Book.API", "Services\Book\Library.Book.API\Library.Book.API.csproj", "{801D6D2C-9624-4A47-95BB-C0BFA4468479}"
EndProject
Project("{9A19103F-16F7-4668-BE54-9A1E7A4F7556}") = "Library.Book.Domain", "Services\Book\Library.Book.Domain\Library.Book.Domain.csproj", "{7E96D02B-89AC-48B3-BC97-1D2748878DB8}"
EndProject
Project("{9A19103F-16F7-4668-BE54-9A1E7A4F7556}") = "Library.Book.Infrastructure.Data", "Services\Book\Infrastructure\Library.Book.Infrastructure.Data\Library.Book.Infrastructure.Data.csproj", "{8F9FDBF9-19B8-4837-B7C7-5E0F45BE8958}"
EndProject
Project("{9A19103F-16F7-4668-BE54-9A1E7A4F7556}") = "Library.ApiGateway", "ApiGateways\Base\Library.ApiGateway\Library.ApiGateway.csproj", "{E97EE658-E445-40A0-97E2-1264A79F856E}"
EndProject
Project("{9A19103F-16F7-4668-BE54-9A1E7A4F7556}") = "Library.Web.Aggregator", "ApiGateways\Web.Bff\Aggregator\Library.Web.Aggregator\Library.Web.Aggregator.csproj", "{D0EA5C66-2440-4C12-8B17-0FDF40D4FCE4}"
EndProject
Project("{2150E333-8FDC-42A3-9474-1A3956D46DE8}") = "Infra", "Infra", "{B8EDEDC9-316D-4D5F-A589-C243BFB83B61}"
EndProject
Project("{9A19103F-16F7-4668-BE54-9A1E7A4F7556}") = "Library.Infra.ResponseFormatter", "Infra\Library.Infra.ResponseFormatter\Library.Infra.ResponseFormatter.csproj", "{68EA3CD5-548D-415C-B329-E6BB54A08947}"
EndProject
Project("{9A19103F-16F7-4668-BE54-9A1E7A4F7556}") = "Library.Infra.EventBus", "Infra\Library.Infra.EventBus\Library.Infra.EventBus.csproj", "{FA587820-A277-4E9E-8B13-F6CE9DC6BE56}"
EndProject
Project("{2150E333-8FDC-42A3-9474-1A3956D46DE8}") = "Borrowing", "Borrowing", "{09030B9F-95FE-428C-B9EA-363556414541}"
EndProject
Project("{2150E333-8FDC-42A3-9474-1A3956D46DE8}") = "Infrastructure", "Infrastructure", "{48BDA96B-8780-4482-95B0-C79EB1058649}"
EndProject
Project("{9A19103F-16F7-4668-BE54-9A1E7A4F7556}") = "Library.Borrowing.Infrastructure.Data", "Services\Borrowing\Infrastructure\Library.Borrowing.Infrastructure.Data\Library.Borrowing.Infrastructure.Data.csproj", "{E394DC79-A233-4919-ADD3-346729A24B46}"
EndProject
Project("{9A19103F-16F7-4668-BE54-9A1E7A4F7556}") = "Library.Borrowing.Domain", "Services\Borrowing\Library.Borrowing.Domain\Library.Borrowing.Domain.csproj", "{C6C8BFE4-BDA7-4581-B895-4B90B0E6F951}"
EndProject
Project("{9A19103F-16F7-4668-BE54-9A1E7A4F7556}") = "Library.Borrowing.API", "Services\Borrowing\Library.Borrowing.API\Library.Borrowing.API.csproj", "{8F269AF0-CD83-456A-8DE7-3EE63590E312}"
EndProject
Project("{9A19103F-16F7-4668-BE54-9A1E7A4F7556}") = "Library.Student.Application", "Services\Student\Library.Student.Application\Library.Student.Application.csproj", "{5A2E14EC-3CC3-4BC7-88FC-D91A59C489F8}"
EndProject
Project("{9A19103F-16F7-4668-BE54-9A1E7A4F7556}") = "Library.Book.Application", "Services\Book\Library.Book.Application\Library.Book.Application.csproj", "{342C1A14-1489-46F6-AFB3-57BF8F4935CE}"
EndProject
Project("{9A19103F-16F7-4668-BE54-9A1E7A4F7556}") = "Library.Borrowing.Application", "Services\Borrowing\Library.Borrowing.Application\Library.Borrowing.Application.csproj", "{70056B5B-8127-4D9C-8BE9-DD6A31DE05D2}"
EndProject
Project("{2150E333-8FDC-42A3-9474-1A3956D46DE8}") = "Core", "Core", "{AC3FDEDC-E69E-4D2C-83D1-0AA490F52E69}"
EndProject
Project("{9A19103F-16F7-4668-BE54-9A1E7A4F7556}") = "Library.Domain.Core", "Core\Library.Domain.Core\Library.Domain.Core.csproj", "{DEAF808A-D3B4-404A-9291-B236723B9478}"
EndProject
Project("{FAE04EC0-301F-11D3-BF4B-00C04F79EFBC}") = "Library.Infra.Repository", "Infra\Library.Infra.Repository\Library.Infra.Repository.csproj", "{86C4F2CB-9B03-4540-B694-87A31177DF7D}"
EndProject
Global
	GlobalSection(SolutionConfigurationPlatforms) = preSolution
		Debug|Any CPU = Debug|Any CPU
		Release|Any CPU = Release|Any CPU
	EndGlobalSection
	GlobalSection(ProjectConfigurationPlatforms) = postSolution
		{0D07776B-96EB-41AC-8FF0-EBBF3D8871FB}.Debug|Any CPU.ActiveCfg = Debug|Any CPU
		{0D07776B-96EB-41AC-8FF0-EBBF3D8871FB}.Debug|Any CPU.Build.0 = Debug|Any CPU
		{0D07776B-96EB-41AC-8FF0-EBBF3D8871FB}.Release|Any CPU.ActiveCfg = Release|Any CPU
		{0D07776B-96EB-41AC-8FF0-EBBF3D8871FB}.Release|Any CPU.Build.0 = Release|Any CPU
		{483DAC8F-317F-4DD3-8CFB-26B6A5E413A9}.Debug|Any CPU.ActiveCfg = Debug|Any CPU
		{483DAC8F-317F-4DD3-8CFB-26B6A5E413A9}.Debug|Any CPU.Build.0 = Debug|Any CPU
		{483DAC8F-317F-4DD3-8CFB-26B6A5E413A9}.Release|Any CPU.ActiveCfg = Release|Any CPU
		{483DAC8F-317F-4DD3-8CFB-26B6A5E413A9}.Release|Any CPU.Build.0 = Release|Any CPU
		{A711FE14-446F-40AD-BFF2-015480C72A9A}.Debug|Any CPU.ActiveCfg = Debug|Any CPU
		{A711FE14-446F-40AD-BFF2-015480C72A9A}.Debug|Any CPU.Build.0 = Debug|Any CPU
		{A711FE14-446F-40AD-BFF2-015480C72A9A}.Release|Any CPU.ActiveCfg = Release|Any CPU
		{A711FE14-446F-40AD-BFF2-015480C72A9A}.Release|Any CPU.Build.0 = Release|Any CPU
		{C3B35215-CA29-4F2C-A576-4AC99A33F338}.Debug|Any CPU.ActiveCfg = Debug|Any CPU
		{C3B35215-CA29-4F2C-A576-4AC99A33F338}.Debug|Any CPU.Build.0 = Debug|Any CPU
		{C3B35215-CA29-4F2C-A576-4AC99A33F338}.Release|Any CPU.ActiveCfg = Release|Any CPU
		{C3B35215-CA29-4F2C-A576-4AC99A33F338}.Release|Any CPU.Build.0 = Release|Any CPU
		{FC038FBA-EBAD-496E-9C12-6F8C11069CE9}.Debug|Any CPU.ActiveCfg = Debug|Any CPU
		{FC038FBA-EBAD-496E-9C12-6F8C11069CE9}.Debug|Any CPU.Build.0 = Debug|Any CPU
		{FC038FBA-EBAD-496E-9C12-6F8C11069CE9}.Release|Any CPU.ActiveCfg = Release|Any CPU
		{FC038FBA-EBAD-496E-9C12-6F8C11069CE9}.Release|Any CPU.Build.0 = Release|Any CPU
		{E773E4D9-2CE8-4436-99EE-EE75744E8E1C}.Debug|Any CPU.ActiveCfg = Debug|Any CPU
		{E773E4D9-2CE8-4436-99EE-EE75744E8E1C}.Debug|Any CPU.Build.0 = Debug|Any CPU
		{E773E4D9-2CE8-4436-99EE-EE75744E8E1C}.Release|Any CPU.ActiveCfg = Release|Any CPU
		{E773E4D9-2CE8-4436-99EE-EE75744E8E1C}.Release|Any CPU.Build.0 = Release|Any CPU
		{FFA66860-85D4-4382-870D-7821241F2085}.Debug|Any CPU.ActiveCfg = Debug|Any CPU
		{FFA66860-85D4-4382-870D-7821241F2085}.Debug|Any CPU.Build.0 = Debug|Any CPU
		{FFA66860-85D4-4382-870D-7821241F2085}.Release|Any CPU.ActiveCfg = Release|Any CPU
		{FFA66860-85D4-4382-870D-7821241F2085}.Release|Any CPU.Build.0 = Release|Any CPU
		{801D6D2C-9624-4A47-95BB-C0BFA4468479}.Debug|Any CPU.ActiveCfg = Debug|Any CPU
		{801D6D2C-9624-4A47-95BB-C0BFA4468479}.Debug|Any CPU.Build.0 = Debug|Any CPU
		{801D6D2C-9624-4A47-95BB-C0BFA4468479}.Release|Any CPU.ActiveCfg = Release|Any CPU
		{801D6D2C-9624-4A47-95BB-C0BFA4468479}.Release|Any CPU.Build.0 = Release|Any CPU
		{7E96D02B-89AC-48B3-BC97-1D2748878DB8}.Debug|Any CPU.ActiveCfg = Debug|Any CPU
		{7E96D02B-89AC-48B3-BC97-1D2748878DB8}.Debug|Any CPU.Build.0 = Debug|Any CPU
		{7E96D02B-89AC-48B3-BC97-1D2748878DB8}.Release|Any CPU.ActiveCfg = Release|Any CPU
		{7E96D02B-89AC-48B3-BC97-1D2748878DB8}.Release|Any CPU.Build.0 = Release|Any CPU
		{8F9FDBF9-19B8-4837-B7C7-5E0F45BE8958}.Debug|Any CPU.ActiveCfg = Debug|Any CPU
		{8F9FDBF9-19B8-4837-B7C7-5E0F45BE8958}.Debug|Any CPU.Build.0 = Debug|Any CPU
		{8F9FDBF9-19B8-4837-B7C7-5E0F45BE8958}.Release|Any CPU.ActiveCfg = Release|Any CPU
		{8F9FDBF9-19B8-4837-B7C7-5E0F45BE8958}.Release|Any CPU.Build.0 = Release|Any CPU
		{E97EE658-E445-40A0-97E2-1264A79F856E}.Debug|Any CPU.ActiveCfg = Debug|Any CPU
		{E97EE658-E445-40A0-97E2-1264A79F856E}.Debug|Any CPU.Build.0 = Debug|Any CPU
		{E97EE658-E445-40A0-97E2-1264A79F856E}.Release|Any CPU.ActiveCfg = Release|Any CPU
		{E97EE658-E445-40A0-97E2-1264A79F856E}.Release|Any CPU.Build.0 = Release|Any CPU
		{D0EA5C66-2440-4C12-8B17-0FDF40D4FCE4}.Debug|Any CPU.ActiveCfg = Debug|Any CPU
		{D0EA5C66-2440-4C12-8B17-0FDF40D4FCE4}.Debug|Any CPU.Build.0 = Debug|Any CPU
		{D0EA5C66-2440-4C12-8B17-0FDF40D4FCE4}.Release|Any CPU.ActiveCfg = Release|Any CPU
		{D0EA5C66-2440-4C12-8B17-0FDF40D4FCE4}.Release|Any CPU.Build.0 = Release|Any CPU
		{68EA3CD5-548D-415C-B329-E6BB54A08947}.Debug|Any CPU.ActiveCfg = Debug|Any CPU
		{68EA3CD5-548D-415C-B329-E6BB54A08947}.Debug|Any CPU.Build.0 = Debug|Any CPU
		{68EA3CD5-548D-415C-B329-E6BB54A08947}.Release|Any CPU.ActiveCfg = Release|Any CPU
		{68EA3CD5-548D-415C-B329-E6BB54A08947}.Release|Any CPU.Build.0 = Release|Any CPU
		{FA587820-A277-4E9E-8B13-F6CE9DC6BE56}.Debug|Any CPU.ActiveCfg = Debug|Any CPU
		{FA587820-A277-4E9E-8B13-F6CE9DC6BE56}.Debug|Any CPU.Build.0 = Debug|Any CPU
		{FA587820-A277-4E9E-8B13-F6CE9DC6BE56}.Release|Any CPU.ActiveCfg = Release|Any CPU
		{FA587820-A277-4E9E-8B13-F6CE9DC6BE56}.Release|Any CPU.Build.0 = Release|Any CPU
		{E394DC79-A233-4919-ADD3-346729A24B46}.Debug|Any CPU.ActiveCfg = Debug|Any CPU
		{E394DC79-A233-4919-ADD3-346729A24B46}.Debug|Any CPU.Build.0 = Debug|Any CPU
		{E394DC79-A233-4919-ADD3-346729A24B46}.Release|Any CPU.ActiveCfg = Release|Any CPU
		{E394DC79-A233-4919-ADD3-346729A24B46}.Release|Any CPU.Build.0 = Release|Any CPU
		{C6C8BFE4-BDA7-4581-B895-4B90B0E6F951}.Debug|Any CPU.ActiveCfg = Debug|Any CPU
		{C6C8BFE4-BDA7-4581-B895-4B90B0E6F951}.Debug|Any CPU.Build.0 = Debug|Any CPU
		{C6C8BFE4-BDA7-4581-B895-4B90B0E6F951}.Release|Any CPU.ActiveCfg = Release|Any CPU
		{C6C8BFE4-BDA7-4581-B895-4B90B0E6F951}.Release|Any CPU.Build.0 = Release|Any CPU
		{8F269AF0-CD83-456A-8DE7-3EE63590E312}.Debug|Any CPU.ActiveCfg = Debug|Any CPU
		{8F269AF0-CD83-456A-8DE7-3EE63590E312}.Debug|Any CPU.Build.0 = Debug|Any CPU
		{8F269AF0-CD83-456A-8DE7-3EE63590E312}.Release|Any CPU.ActiveCfg = Release|Any CPU
		{8F269AF0-CD83-456A-8DE7-3EE63590E312}.Release|Any CPU.Build.0 = Release|Any CPU
		{5A2E14EC-3CC3-4BC7-88FC-D91A59C489F8}.Debug|Any CPU.ActiveCfg = Debug|Any CPU
		{5A2E14EC-3CC3-4BC7-88FC-D91A59C489F8}.Debug|Any CPU.Build.0 = Debug|Any CPU
		{5A2E14EC-3CC3-4BC7-88FC-D91A59C489F8}.Release|Any CPU.ActiveCfg = Release|Any CPU
		{5A2E14EC-3CC3-4BC7-88FC-D91A59C489F8}.Release|Any CPU.Build.0 = Release|Any CPU
		{342C1A14-1489-46F6-AFB3-57BF8F4935CE}.Debug|Any CPU.ActiveCfg = Debug|Any CPU
		{342C1A14-1489-46F6-AFB3-57BF8F4935CE}.Debug|Any CPU.Build.0 = Debug|Any CPU
		{342C1A14-1489-46F6-AFB3-57BF8F4935CE}.Release|Any CPU.ActiveCfg = Release|Any CPU
		{342C1A14-1489-46F6-AFB3-57BF8F4935CE}.Release|Any CPU.Build.0 = Release|Any CPU
		{70056B5B-8127-4D9C-8BE9-DD6A31DE05D2}.Debug|Any CPU.ActiveCfg = Debug|Any CPU
		{70056B5B-8127-4D9C-8BE9-DD6A31DE05D2}.Debug|Any CPU.Build.0 = Debug|Any CPU
		{70056B5B-8127-4D9C-8BE9-DD6A31DE05D2}.Release|Any CPU.ActiveCfg = Release|Any CPU
		{70056B5B-8127-4D9C-8BE9-DD6A31DE05D2}.Release|Any CPU.Build.0 = Release|Any CPU
		{DEAF808A-D3B4-404A-9291-B236723B9478}.Debug|Any CPU.ActiveCfg = Debug|Any CPU
		{DEAF808A-D3B4-404A-9291-B236723B9478}.Debug|Any CPU.Build.0 = Debug|Any CPU
		{DEAF808A-D3B4-404A-9291-B236723B9478}.Release|Any CPU.ActiveCfg = Release|Any CPU
		{DEAF808A-D3B4-404A-9291-B236723B9478}.Release|Any CPU.Build.0 = Release|Any CPU
		{86C4F2CB-9B03-4540-B694-87A31177DF7D}.Debug|Any CPU.ActiveCfg = Debug|Any CPU
		{86C4F2CB-9B03-4540-B694-87A31177DF7D}.Debug|Any CPU.Build.0 = Debug|Any CPU
		{86C4F2CB-9B03-4540-B694-87A31177DF7D}.Release|Any CPU.ActiveCfg = Release|Any CPU
		{86C4F2CB-9B03-4540-B694-87A31177DF7D}.Release|Any CPU.Build.0 = Release|Any CPU
	EndGlobalSection
	GlobalSection(SolutionProperties) = preSolution
		HideSolutionNode = FALSE
	EndGlobalSection
	GlobalSection(NestedProjects) = preSolution
		{3202E01E-64F8-4B5E-BC3C-F6B35AC07E58} = {CE12DA5C-DB71-4D53-A25F-8089E23B10A5}
		{518FEBE6-3085-43E3-8911-13CA21B1C37C} = {CE12DA5C-DB71-4D53-A25F-8089E23B10A5}
		{DF34BB4A-62F1-4599-AB1E-B77861CA362A} = {518FEBE6-3085-43E3-8911-13CA21B1C37C}
		{64974A6F-3106-4299-A93F-3F8690BD5878} = {E41368F7-C360-4753-9938-1F5481C17DDF}
		{0D07776B-96EB-41AC-8FF0-EBBF3D8871FB} = {64974A6F-3106-4299-A93F-3F8690BD5878}
		{483DAC8F-317F-4DD3-8CFB-26B6A5E413A9} = {64974A6F-3106-4299-A93F-3F8690BD5878}
		{A711FE14-446F-40AD-BFF2-015480C72A9A} = {64974A6F-3106-4299-A93F-3F8690BD5878}
		{9CE1D83B-2A0E-4F2C-8A8A-5D1442BFF461} = {64974A6F-3106-4299-A93F-3F8690BD5878}
		{C3B35215-CA29-4F2C-A576-4AC99A33F338} = {9CE1D83B-2A0E-4F2C-8A8A-5D1442BFF461}
		{101116F8-5064-4474-A172-FE2E0D563B3F} = {E41368F7-C360-4753-9938-1F5481C17DDF}
		{2119A987-578B-4E2D-AB68-BC16CF1CB1F5} = {101116F8-5064-4474-A172-FE2E0D563B3F}
		{FC038FBA-EBAD-496E-9C12-6F8C11069CE9} = {101116F8-5064-4474-A172-FE2E0D563B3F}
		{E773E4D9-2CE8-4436-99EE-EE75744E8E1C} = {2119A987-578B-4E2D-AB68-BC16CF1CB1F5}
		{FFA66860-85D4-4382-870D-7821241F2085} = {101116F8-5064-4474-A172-FE2E0D563B3F}
		{D949667C-A01E-4E9E-B9DF-016476B6C4C7} = {E41368F7-C360-4753-9938-1F5481C17DDF}
		{9816FB66-012F-42CE-8B68-1D2BB06B7E36} = {D949667C-A01E-4E9E-B9DF-016476B6C4C7}
		{801D6D2C-9624-4A47-95BB-C0BFA4468479} = {D949667C-A01E-4E9E-B9DF-016476B6C4C7}
		{7E96D02B-89AC-48B3-BC97-1D2748878DB8} = {D949667C-A01E-4E9E-B9DF-016476B6C4C7}
		{8F9FDBF9-19B8-4837-B7C7-5E0F45BE8958} = {9816FB66-012F-42CE-8B68-1D2BB06B7E36}
		{E97EE658-E445-40A0-97E2-1264A79F856E} = {3202E01E-64F8-4B5E-BC3C-F6B35AC07E58}
		{D0EA5C66-2440-4C12-8B17-0FDF40D4FCE4} = {DF34BB4A-62F1-4599-AB1E-B77861CA362A}
		{68EA3CD5-548D-415C-B329-E6BB54A08947} = {B8EDEDC9-316D-4D5F-A589-C243BFB83B61}
		{FA587820-A277-4E9E-8B13-F6CE9DC6BE56} = {B8EDEDC9-316D-4D5F-A589-C243BFB83B61}
		{09030B9F-95FE-428C-B9EA-363556414541} = {E41368F7-C360-4753-9938-1F5481C17DDF}
		{48BDA96B-8780-4482-95B0-C79EB1058649} = {09030B9F-95FE-428C-B9EA-363556414541}
		{E394DC79-A233-4919-ADD3-346729A24B46} = {48BDA96B-8780-4482-95B0-C79EB1058649}
		{C6C8BFE4-BDA7-4581-B895-4B90B0E6F951} = {09030B9F-95FE-428C-B9EA-363556414541}
		{8F269AF0-CD83-456A-8DE7-3EE63590E312} = {09030B9F-95FE-428C-B9EA-363556414541}
		{5A2E14EC-3CC3-4BC7-88FC-D91A59C489F8} = {101116F8-5064-4474-A172-FE2E0D563B3F}
		{342C1A14-1489-46F6-AFB3-57BF8F4935CE} = {D949667C-A01E-4E9E-B9DF-016476B6C4C7}
		{70056B5B-8127-4D9C-8BE9-DD6A31DE05D2} = {09030B9F-95FE-428C-B9EA-363556414541}
		{DEAF808A-D3B4-404A-9291-B236723B9478} = {AC3FDEDC-E69E-4D2C-83D1-0AA490F52E69}
		{86C4F2CB-9B03-4540-B694-87A31177DF7D} = {B8EDEDC9-316D-4D5F-A589-C243BFB83B61}
	EndGlobalSection
	GlobalSection(ExtensibilityGlobals) = postSolution
		SolutionGuid = {1E617E0D-CFA5-4FC3-82F4-C5D2E08EBFEC}
	EndGlobalSection
EndGlobal
